
Microsoft Visual Studio Solution File, Format Version 12.00
# Visual Studio Version 17
VisualStudioVersion = 17.1.32319.34
MinimumVisualStudioVersion = 10.0.40219.1
Project("{FAE04EC0-301F-11D3-BF4B-00C04F79EFBC}") = "BrahmvrundBhishi_API", "BrahmvrundBhishi_API.csproj", "{13AC1FC4-4F57-44B8-B0A9-6EB26CD8B4CC}"
EndProject
Global
	GlobalSection(SolutionConfigurationPlatforms) = preSolution
		Debug|Any CPU = Debug|Any CPU
		Release|Any CPU = Release|Any CPU
	EndGlobalSection
	GlobalSection(ProjectConfigurationPlatforms) = postSolution
		{13AC1FC4-4F57-44B8-B0A9-6EB26CD8B4CC}.Debug|Any CPU.ActiveCfg = Debug|Any CPU
		{13AC1FC4-4F57-44B8-B0A9-6EB26CD8B4CC}.Debug|Any CPU.Build.0 = Debug|Any CPU
		{13AC1FC4-4F57-44B8-B0A9-6EB26CD8B4CC}.Release|Any CPU.ActiveCfg = Release|Any CPU
		{13AC1FC4-4F57-44B8-B0A9-6EB26CD8B4CC}.Release|Any CPU.Build.0 = Release|Any CPU
	EndGlobalSection
	GlobalSection(SolutionProperties) = preSolution
		HideSolutionNode = FALSE
	EndGlobalSection
	GlobalSection(ExtensibilityGlobals) = postSolution
		SolutionGuid = {885705C0-E493-4C79-A34B-5729D601ADDB}
	EndGlobalSection
EndGlobal
